lockfileVersion: 5.4

specifiers:
  '@vue/runtime-dom': ^3.2.41
  rome: ^10.0.0

devDependencies:
  '@vue/runtime-dom': 3.2.41
  rome: 10.0.0

packages:

  /@rometools/cli-darwin-arm64/10.0.0:
    resolution: {integrity: sha512-JT7JccEtKyFDHXy0MxhwHN4Zc94s/kW+0aTczb1ChAoCStfjj5jWzv/yQnm+HFw5Vf3ukAocLsDNRN6d9gQYbQ==}
    cpu: [arm64]
    os: [darwin]
    requiresBuild: true
    dev: true
    optional: true

  /@rometools/cli-darwin-x64/10.0.0:
    resolution: {integrity: sha512-HORYhz8eM3L3XePPNBhU44zFpTVfhpuO4B7fjdfho7z9kwTW22M0fVvuPrxxPauxmin7gHM8lxCD2jHxabg34Q==}
    cpu: [x64]
    os: [darwin]
    requiresBuild: true
    dev: true
    optional: true

  /@rometools/cli-linux-arm64/10.0.0:
    resolution: {integrity: sha512-/L3jxo9RUwJ+uvDvAPCquAw10ccpZDuzADfZff5tHd6Fzv28cAToC3JrN/2miGpur0Fx/NIZIPbAsdI4NWGIRA==}
    cpu: [arm64]
    os: [linux]
    requiresBuild: true
    dev: true
    optional: true

  /@rometools/cli-linux-x64/10.0.0:
    resolution: {integrity: sha512-KC6CDeSR4haRfxmfrvCn8+NzQ7X31pDjFgD+m+PAbSXOeMr/KHmU7eDsjC3d47ORYYkYXqhx9VxHe1w3IEShMg==}
    cpu: [x64]
    os: [linux]
    requiresBuild: true
    dev: true
    optional: true

  /@rometools/cli-win32-arm64/10.0.0:
    resolution: {integrity: sha512-8XWjx7Z1dMp9q4Lvi+ax4+Y8vkbp7JHVdfrTSMQTyUA9ofaW6ah1h9iGPuKic057VTZGX66/KazC5qNTbrlckQ==}
    cpu: [arm64]
    os: [win32]
    requiresBuild: true
    dev: true
    optional: true

  /@rometools/cli-win32-x64/10.0.0:
    resolution: {integrity: sha512-mAf3f32oE919cZ86KVMR/X0VOs+C16jEUyt1ww2UPw/rKUmm0DNfuT6/m4FQW8GEHdCBC8z3zdRVCd05VK7UJg==}
    cpu: [x64]
    os: [win32]
    requiresBuild: true
    dev: true
    optional: true

  /@vue/reactivity/3.2.41:
    resolution: {integrity: sha512-9JvCnlj8uc5xRiQGZ28MKGjuCoPhhTwcoAdv3o31+cfGgonwdPNuvqAXLhlzu4zwqavFEG5tvaoINQEfxz+l6g==}
    dependencies:
      '@vue/shared': 3.2.41
    dev: true

  /@vue/runtime-core/3.2.41:
    resolution: {integrity: sha512-0LBBRwqnI0p4FgIkO9q2aJBBTKDSjzhnxrxHYengkAF6dMOjeAIZFDADAlcf2h3GDALWnblbeprYYpItiulSVQ==}
    dependencies:
      '@vue/reactivity': 3.2.41
      '@vue/shared': 3.2.41
    dev: true

  /@vue/runtime-dom/3.2.41:
    resolution: {integrity: sha512-U7zYuR1NVIP8BL6jmOqmapRAHovEFp7CSw4pR2FacqewXNGqZaRfHoNLQsqQvVQ8yuZNZtxSZy0FFyC70YXPpA==}
    dependencies:
      '@vue/runtime-core': 3.2.41
      '@vue/shared': 3.2.41
      csstype: 2.6.21
    dev: true

  /@vue/shared/3.2.41:
    resolution: {integrity: sha512-W9mfWLHmJhkfAmV+7gDjcHeAWALQtgGT3JErxULl0oz6R6+3ug91I7IErs93eCFhPCZPHBs4QJS7YWEV7A3sxw==}
    dev: true

  /csstype/2.6.21:
    resolution: {integrity: sha512-Z1PhmomIfypOpoMjRQB70jfvy/wxT50qW08YXO5lMIJkrdq4yOTR+AW7FqutScmB9NkLwxo+jU+kZLbofZZq/w==}
    dev: true

  /rome/10.0.0:
    resolution: {integrity: sha512-dQnIlzgHDt94N4JoFaqe9e2aDAZfdmyGOW4UaefMztDph41mt75Mg0aeJ/C7JgcIOLbp9D4LD+omyUB5YFUUPw==}
    engines: {node: '>=14.*'}
    hasBin: true
    requiresBuild: true
    optionalDependencies:
      '@rometools/cli-darwin-arm64': 10.0.0
      '@rometools/cli-darwin-x64': 10.0.0
      '@rometools/cli-linux-arm64': 10.0.0
      '@rometools/cli-linux-x64': 10.0.0
      '@rometools/cli-win32-arm64': 10.0.0
      '@rometools/cli-win32-x64': 10.0.0
    dev: true
